
Microsoft Visual Studio Solution File, Format Version 12.00
# Visual Studio 15
VisualStudioVersion = 15.0.28307.168
MinimumVisualStudioVersion = 10.0.40219.1
Project("{FAE04EC0-301F-11D3-BF4B-00C04F79EFBC}") = "FriendOrganizer.UI", "FriendOrganizer.UI\FriendOrganizer.UI.csproj", "{8258252B-BFD0-4C30-8747-0F19D34C16FE}"
EndProject
Global
	GlobalSection(SolutionConfigurationPlatforms) = preSolution
		Debug|Any CPU = Debug|Any CPU
		Release|Any CPU = Release|Any CPU
	EndGlobalSection
	GlobalSection(ProjectConfigurationPlatforms) = postSolution
		{8258252B-BFD0-4C30-8747-0F19D34C16FE}.Debug|Any CPU.ActiveCfg = Debug|Any CPU
		{8258252B-BFD0-4C30-8747-0F19D34C16FE}.Debug|Any CPU.Build.0 = Debug|Any CPU
		{8258252B-BFD0-4C30-8747-0F19D34C16FE}.Release|Any CPU.ActiveCfg = Release|Any CPU
		{8258252B-BFD0-4C30-8747-0F19D34C16FE}.Release|Any CPU.Build.0 = Release|Any CPU
	EndGlobalSection
	GlobalSection(SolutionProperties) = preSolution
		HideSolutionNode = FALSE
	EndGlobalSection
	GlobalSection(ExtensibilityGlobals) = postSolution
		SolutionGuid = {AD937C8F-C0FB-4A4A-824D-8E68FFABB401}
	EndGlobalSection
EndGlobal
